// !$*UTF8*$!
{
	archiveVersion = 1;
	classes = {
	};
	objectVersion = 56;
	objects = {

/* Begin PBXBuildFile section */
		538E9CC929A4C62500DA1690 /* AppDelegate.swift in Sources */ = {isa = PBXBuildFile; fileRef = 538E9CC829A4C62500DA1690 /* AppDelegate.swift */; };
		538E9CCB29A4C62500DA1690 /* SceneDelegate.swift in Sources */ = {isa = PBXBuildFile; fileRef = 538E9CCA29A4C62500DA1690 /* SceneDelegate.swift */; };
		538E9CCD29A4C62500DA1690 /* ViewController.swift in Sources */ = {isa = PBXBuildFile; fileRef = 538E9CCC29A4C62500DA1690 /* ViewController.swift */; };
		538E9CD029A4C62500DA1690 /* Main.storyboard in Resources */ = {isa = PBXBuildFile; fileRef = 538E9CCE29A4C62500DA1690 /* Main.storyboard */; };
		538E9CD229A4C62600DA1690 /* Assets.xcassets in Resources */ = {isa = PBXBuildFile; fileRef = 538E9CD129A4C62600DA1690 /* Assets.xcassets */; };
		538E9CD529A4C62600DA1690 /* LaunchScreen.storyboard in Resources */ = {isa = PBXBuildFile; fileRef = 538E9CD329A4C62600DA1690 /* LaunchScreen.storyboard */; };
		538E9CDD29A4C9F700DA1690 /* Workspace.storyboard in Resources */ = {isa = PBXBuildFile; fileRef = 538E9CDC29A4C9F700DA1690 /* Workspace.storyboard */; };
		538E9CDF29A4CA1400DA1690 /* WorkspaceViewController.swift in Sources */ = {isa = PBXBuildFile; fileRef = 538E9CDE29A4CA1400DA1690 /* WorkspaceViewController.swift */; };
		538E9CE129A4D4D300DA1690 /* Model.swift in Sources */ = {isa = PBXBuildFile; fileRef = 538E9CE029A4D4D300DA1690 /* Model.swift */; };
/* End PBXBuildFile section */

/* Begin PBXFileReference section */
		538E9CC529A4C62500DA1690 /* HelloGameWorld.app */ = {isa = PBXFileReference; explicitFileType = wrapper.application; includeInIndex = 0; path = HelloGameWorld.app; sourceTree = BUILT_PRODUCTS_DIR; };
		538E9CC829A4C62500DA1690 /* AppDelegate.swift */ = {isa = PBXFileReference; lastKnownFileType = sourcecode.swift; path = AppDelegate.swift; sourceTree = "<group>"; };
		538E9CCA29A4C62500DA1690 /* SceneDelegate.swift */ = {isa = PBXFileReference; lastKnownFileType = sourcecode.swift; path = SceneDelegate.swift; sourceTree = "<group>"; };
		538E9CCC29A4C62500DA1690 /* ViewController.swift */ = {isa = PBXFileReference; lastKnownFileType = sourcecode.swift; path = ViewController.swift; sourceTree = "<group>"; };
		538E9CCF29A4C62500DA1690 /* Base */ = {isa = PBXFileReference; lastKnownFileType = file.storyboard; name = Base; path = Base.lproj/Main.storyboard; sourceTree = "<group>"; };
		538E9CD129A4C62600DA1690 /* Assets.xcassets */ = {isa = PBXFileReference; lastKnownFileType = folder.assetcatalog; path = Assets.xcassets; sourceTree = "<group>"; };
		538E9CD429A4C62600DA1690 /* Base */ = {isa = PBXFileReference; lastKnownFileType = file.storyboard; name = Base; path = Base.lproj/LaunchScreen.storyboard; sourceTree = "<group>"; };
		538E9CD629A4C62600DA1690 /* Info.plist */ = {isa = PBXFileReference; lastKnownFileType = text.plist.xml; path = Info.plist; sourceTree = "<group>"; };
		538E9CDC29A4C9F700DA1690 /* Workspace.storyboard */ = {isa = PBXFileReference; lastKnownFileType = file.storyboard; path = Workspace.storyboard; sourceTree = "<group>"; };
		538E9CDE29A4CA1400DA1690 /* WorkspaceViewController.swift */ = {isa = PBXFileReference; lastKnownFileType = sourcecode.swift; path = WorkspaceViewController.swift; sourceTree = "<group>"; };
		538E9CE029A4D4D300DA1690 /* Model.swift */ = {isa = PBXFileReference; lastKnownFileType = sourcecode.swift; path = Model.swift; sourceTree = "<group>"; };
/* End PBXFileReference section */

/* Begin PBXFrameworksBuildPhase section */
		538E9CC229A4C62500DA1690 /* Frameworks */ = {
			isa = PBXFrameworksBuildPhase;
			buildActionMask = 2147483647;
			files = (
			);
			runOnlyForDeploymentPostprocessing = 0;
		};
/* End PBXFrameworksBuildPhase section */

/* Begin PBXGroup section */
		538E9CBC29A4C62500DA1690 = {
			isa = PBXGroup;
			children = (
				538E9CC729A4C62500DA1690 /* HelloGameWorld */,
				538E9CC629A4C62500DA1690 /* Products */,
			);
			sourceTree = "<group>";
		};
		538E9CC629A4C62500DA1690 /* Products */ = {
			isa = PBXGroup;
			children = (
				538E9CC529A4C62500DA1690 /* HelloGameWorld.app */,
			);
			name = Products;
			sourceTree = "<group>";
		};
		538E9CC729A4C62500DA1690 /* HelloGameWorld */ = {
			isa = PBXGroup;
			children = (
				538E9CC829A4C62500DA1690 /* AppDelegate.swift */,
				538E9CCA29A4C62500DA1690 /* SceneDelegate.swift */,
				538E9CCC29A4C62500DA1690 /* ViewController.swift */,
				538E9CDE29A4CA1400DA1690 /* WorkspaceViewController.swift */,
				538E9CE029A4D4D300DA1690 /* Model.swift */,
				538E9CCE29A4C62500DA1690 /* Main.storyboard */,
				538E9CDC29A4C9F700DA1690 /* Workspace.storyboard */,
				538E9CD129A4C62600DA1690 /* Assets.xcassets */,
				538E9CD329A4C62600DA1690 /* LaunchScreen.storyboard */,
				538E9CD629A4C62600DA1690 /* Info.plist */,
			);
			path = HelloGameWorld;
			sourceTree = "<group>";
		};
/* End PBXGroup section */

/* Begin PBXNativeTarget section */
		538E9CC429A4C62500DA1690 /* HelloGameWorld */ = {
			isa = PBXNativeTarget;
			buildConfigurationList = 538E9CD929A4C62600DA1690 /* Build configuration list for PBXNativeTarget "HelloGameWorld" */;
			buildPhases = (
				538E9CC129A4C62500DA1690 /* Sources */,
				538E9CC229A4C62500DA1690 /* Frameworks */,
				538E9CC329A4C62500DA1690 /* Resources */,
			);
			buildRules = (
			);
			dependencies = (
			);
			name = HelloGameWorld;
			productName = HelloGameWorld;
			productReference = 538E9CC529A4C62500DA1690 /* HelloGameWorld.app */;
			productType = "com.apple.product-type.application";
		};
/* End PBXNativeTarget section */

/* Begin PBXProject section */
		538E9CBD29A4C62500DA1690 /* Project object */ = {
			isa = PBXProject;
			attributes = {
				BuildIndependentTargetsInParallel = 1;
				LastSwiftUpdateCheck = 1420;
				LastUpgradeCheck = 1420;
				TargetAttributes = {
					538E9CC429A4C62500DA1690 = {
						CreatedOnToolsVersion = 14.2;
					};
				};
			};
			buildConfigurationList = 538E9CC029A4C62500DA1690 /* Build configuration list for PBXProject "HelloGameWorld" */;
			compatibilityVersion = "Xcode 14.0";
			developmentRegion = en;
			hasScannedForEncodings = 0;
			knownRegions = (
				en,
				Base,
			);
			mainGroup = 538E9CBC29A4C62500DA1690;
			productRefGroup = 538E9CC629A4C62500DA1690 /* Products */;
			projectDirPath = "";
			projectRoot = "";
			targets = (
				538E9CC429A4C62500DA1690 /* HelloGameWorld */,
			);
		};
/* End PBXProject section */

/* Begin PBXResourcesBuildPhase section */
		538E9CC329A4C62500DA1690 /* Resources */ = {
			isa = PBXResourcesBuildPhase;
			buildActionMask = 2147483647;
			files = (
				538E9CD529A4C62600DA1690 /* LaunchScreen.storyboard in Resources */,
				538E9CD229A4C62600DA1690 /* Assets.xcassets in Resources */,
				538E9CDD29A4C9F700DA1690 /* Workspace.storyboard in Resources */,
				538E9CD029A4C62500DA1690 /* Main.storyboard in Resources */,
			);
			runOnlyForDeploymentPostprocessing = 0;
		};
/* End PBXResourcesBuildPhase section */

/* Begin PBXSourcesBuildPhase section */
		538E9CC129A4C62500DA1690 /* Sources */ = {
			isa = PBXSourcesBuildPhase;
			buildActionMask = 2147483647;
			files = (
				538E9CE129A4D4D300DA1690 /* Model.swift in Sources */,
				538E9CCD29A4C62500DA1690 /* ViewController.swift in Sources */,
				538E9CC929A4C62500DA1690 /* AppDelegate.swift in Sources */,
				538E9CDF29A4CA1400DA1690 /* WorkspaceViewController.swift in Sources */,
				538E9CCB29A4C62500DA1690 /* SceneDelegate.swift in Sources */,
			);
			runOnlyForDeploymentPostprocessing = 0;
		};
/* End PBXSourcesBuildPhase section */

/* Begin PBXVariantGroup section */
		538E9CCE29A4C62500DA1690 /* Main.storyboard */ = {
			isa = PBXVariantGroup;
			children = (
				538E9CCF29A4C62500DA1690 /* Base */,
			);
			name = Main.storyboard;
			sourceTree = "<group>";
		};
		538E9CD329A4C62600DA1690 /* LaunchScreen.storyboard */ = {
			isa = PBXVariantGroup;
			children = (
				538E9CD429A4C62600DA1690 /* Base */,
			);
			name = LaunchScreen.storyboard;
			sourceTree = "<group>";
		};
/* End PBXVariantGroup section */

/* Begin XCBuildConfiguration section */
		538E9CD729A4C62600DA1690 /* Debug */ = {
			isa = XCBuildConfiguration;
			buildSettings = {
				ALWAYS_SEARCH_USER_PATHS = NO;
				CLANG_ANALYZER_NONNULL = YES;
				CLANG_ANALYZER_NUMBER_OBJECT_CONVERSION = YES_AGGRESSIVE;
				CLANG_CXX_LANGUAGE_STANDARD = "gnu++20";
				CLANG_ENABLE_MODULES = YES;
				CLANG_ENABLE_OBJC_ARC = YES;
				CLANG_ENABLE_OBJC_WEAK = YES;
				CLANG_WARN_BLOCK_CAPTURE_AUTORELEASING = YES;
				CLANG_WARN_BOOL_CONVERSION = YES;
				CLANG_WARN_COMMA = YES;
				CLANG_WARN_CONSTANT_CONVERSION = YES;
				CLANG_WARN_DEPRECATED_OBJC_IMPLEMENTATIONS = YES;
				CLANG_WARN_DIRECT_OBJC_ISA_USAGE = YES_ERROR;
				CLANG_WARN_DOCUMENTATION_COMMENTS = YES;
				CLANG_WARN_EMPTY_BODY = YES;
				CLANG_WARN_ENUM_CONVERSION = YES;
				CLANG_WARN_INFINITE_RECURSION = YES;
				CLANG_WARN_INT_CONVERSION = YES;
				CLANG_WARN_NON_LITERAL_NULL_CONVERSION = YES;
				CLANG_WARN_OBJC_IMPLICIT_RETAIN_SELF = YES;
				CLANG_WARN_OBJC_LITERAL_CONVERSION = YES;
				CLANG_WARN_OBJC_ROOT_CLASS = YES_ERROR;
				CLANG_WARN_QUOTED_INCLUDE_IN_FRAMEWORK_HEADER = YES;
				CLANG_WARN_RANGE_LOOP_ANALYSIS = YES;
				CLANG_WARN_STRICT_PROTOTYPES = YES;
				CLANG_WARN_SUSPICIOUS_MOVE = YES;
				CLANG_WARN_UNGUARDED_AVAILABILITY = YES_AGGRESSIVE;
				CLANG_WARN_UNREACHABLE_CODE = YES;
				CLANG_WARN__DUPLICATE_METHOD_MATCH = YES;
				COPY_PHASE_STRIP = NO;
				DEBUG_INFORMATION_FORMAT = dwarf;
				ENABLE_STRICT_OBJC_MSGSEND = YES;
				ENABLE_TESTABILITY = YES;
				GCC_C_LANGUAGE_STANDARD = gnu11;
				GCC_DYNAMIC_NO_PIC = NO;
				GCC_NO_COMMON_BLOCKS = YES;
				GCC_OPTIMIZATION_LEVEL = 0;
				GCC_PREPROCESSOR_DEFINITIONS = (
					"DEBUG=1",
					"$(inherited)",
				);
				GCC_WARN_64_TO_32_BIT_CONVERSION = YES;
				GCC_WARN_ABOUT_RETURN_TYPE = YES_ERROR;
				GCC_WARN_UNDECLARED_SELECTOR = YES;
				GCC_WARN_UNINITIALIZED_AUTOS = YES_AGGRESSIVE;
				GCC_WARN_UNUSED_FUNCTION = YES;
				GCC_WARN_UNUSED_VARIABLE = YES;
				IPHONEOS_DEPLOYMENT_TARGET = 16.2;
				MTL_ENABLE_DEBUG_INFO = INCLUDE_SOURCE;
				MTL_FAST_MATH = YES;
				ONLY_ACTIVE_ARCH = YES;
				SDKROOT = iphoneos;
				SWIFT_ACTIVE_COMPILATION_CONDITIONS = DEBUG;
				SWIFT_OPTIMIZATION_LEVEL = "-Onone";
			};
			name = Debug;
		};
		538E9CD829A4C62600DA1690 /* Release */ = {
			isa = XCBuildConfiguration;
			buildSettings = {
				ALWAYS_SEARCH_USER_PATHS = NO;
				CLANG_ANALYZER_NONNULL = YES;
				CLANG_ANALYZER_NUMBER_OBJECT_CONVERSION = YES_AGGRESSIVE;
				CLANG_CXX_LANGUAGE_STANDARD = "gnu++20";
				CLANG_ENABLE_MODULES = YES;
				CLANG_ENABLE_OBJC_ARC = YES;
				CLANG_ENABLE_OBJC_WEAK = YES;
				CLANG_WARN_BLOCK_CAPTURE_AUTORELEASING = YES;
				CLANG_WARN_BOOL_CONVERSION = YES;
				CLANG_WARN_COMMA = YES;
				CLANG_WARN_CONSTANT_CONVERSION = YES;
				CLANG_WARN_DEPRECATED_OBJC_IMPLEMENTATIONS = YES;
				CLANG_WARN_DIRECT_OBJC_ISA_USAGE = YES_ERROR;
				CLANG_WARN_DOCUMENTATION_COMMENTS = YES;
				CLANG_WARN_EMPTY_BODY = YES;
				CLANG_WARN_ENUM_CONVERSION = YES;
				CLANG_WARN_INFINITE_RECURSION = YES;
				CLANG_WARN_INT_CONVERSION = YES;
				CLANG_WARN_NON_LITERAL_NULL_CONVERSION = YES;
				CLANG_WARN_OBJC_IMPLICIT_RETAIN_SELF = YES;
				CLANG_WARN_OBJC_LITERAL_CONVERSION = YES;
				CLANG_WARN_OBJC_ROOT_CLASS = YES_ERROR;
				CLANG_WARN_QUOTED_INCLUDE_IN_FRAMEWORK_HEADER = YES;
				CLANG_WARN_RANGE_LOOP_ANALYSIS = YES;
				CLANG_WARN_STRICT_PROTOTYPES = YES;
				CLANG_WARN_SUSPICIOUS_MOVE = YES;
				CLANG_WARN_UNGUARDED_AVAILABILITY = YES_AGGRESSIVE;
				CLANG_WARN_UNREACHABLE_CODE = YES;
				CLANG_WARN__DUPLICATE_METHOD_MATCH = YES;
				COPY_PHASE_STRIP = NO;
				DEBUG_INFORMATION_FORMAT = "dwarf-with-dsym";
				ENABLE_NS_ASSERTIONS = NO;
				ENABLE_STRICT_OBJC_MSGSEND = YES;
				GCC_C_LANGUAGE_STANDARD = gnu11;
				GCC_NO_COMMON_BLOCKS = YES;
				GCC_WARN_64_TO_32_BIT_CONVERSION = YES;
				GCC_WARN_ABOUT_RETURN_TYPE = YES_ERROR;
				GCC_WARN_UNDECLARED_SELECTOR = YES;
				GCC_WARN_UNINITIALIZED_AUTOS = YES_AGGRESSIVE;
				GCC_WARN_UNUSED_FUNCTION = YES;
				GCC_WARN_UNUSED_VARIABLE = YES;
				IPHONEOS_DEPLOYMENT_TARGET = 16.2;
				MTL_ENABLE_DEBUG_INFO = NO;
				MTL_FAST_MATH = YES;
				SDKROOT = iphoneos;
				SWIFT_COMPILATION_MODE = wholemodule;
				SWIFT_OPTIMIZATION_LEVEL = "-O";
				VALIDATE_PRODUCT = YES;
			};
			name = Release;
		};
		538E9CDA29A4C62600DA1690 /* Debug */ = {
			isa = XCBuildConfiguration;
			buildSettings = {
				ASSETCATALOG_COMPILER_APPICON_NAME = AppIcon;
				ASSETCATALOG_COMPILER_GLOBAL_ACCENT_COLOR_NAME = AccentColor;
				CODE_SIGN_STYLE = Automatic;
				CURRENT_PROJECT_VERSION = 1;
				DEVELOPMENT_TEAM = TU4977KNYB;
				GENERATE_INFOPLIST_FILE = YES;
				INFOPLIST_FILE = HelloGameWorld/Info.plist;
				INFOPLIST_KEY_UIApplicationSupportsIndirectInputEvents = YES;
				INFOPLIST_KEY_UILaunchStoryboardName = LaunchScreen;
				INFOPLIST_KEY_UIMainStoryboardFile = Main;
				INFOPLIST_KEY_UISupportedInterfaceOrientations_iPad = "UIInterfaceOrientationPortrait UIInterfaceOrientationPortraitUpsideDown UIInterfaceOrientationLandscapeLeft UIInterfaceOrientationLandscapeRight";
				INFOPLIST_KEY_UISupportedInterfaceOrientations_iPhone = "UIInterfaceOrientationPortrait UIInterfaceOrientationLandscapeLeft UIInterfaceOrientationLandscapeRight";
				LD_RUNPATH_SEARCH_PATHS = (
					"$(inherited)",
					"@executable_path/Frameworks",
				);
				MARKETING_VERSION = 1.0;
				PRODUCT_BUNDLE_IDENTIFIER = com.example.HelloGameWorld;
				PRODUCT_NAME = "$(TARGET_NAME)";
				SWIFT_EMIT_LOC_STRINGS = YES;
				SWIFT_VERSION = 5.0;
				TARGETED_DEVICE_FAMILY = "1,2";
			};
			name = Debug;
		};
		538E9CDB29A4C62600DA1690 /* Release */ = {
			isa = XCBuildConfiguration;
			buildSettings = {
				ASSETCATALOG_COMPILER_APPICON_NAME = AppIcon;
				ASSETCATALOG_COMPILER_GLOBAL_ACCENT_COLOR_NAME = AccentColor;
				CODE_SIGN_STYLE = Automatic;
				CURRENT_PROJECT_VERSION = 1;
				DEVELOPMENT_TEAM = TU4977KNYB;
				GENERATE_INFOPLIST_FILE = YES;
				INFOPLIST_FILE = HelloGameWorld/Info.plist;
				INFOPLIST_KEY_UIApplicationSupportsIndirectInputEvents = YES;
				INFOPLIST_KEY_UILaunchStoryboardName = LaunchScreen;
				INFOPLIST_KEY_UIMainStoryboardFile = Main;
				INFOPLIST_KEY_UISupportedInterfaceOrientations_iPad = "UIInterfaceOrientationPortrait UIInterfaceOrientationPortraitUpsideDown UIInterfaceOrientationLandscapeLeft UIInterfaceOrientationLandscapeRight";
				INFOPLIST_KEY_UISupportedInterfaceOrientations_iPhone = "UIInterfaceOrientationPortrait UIInterfaceOrientationLandscapeLeft UIInterfaceOrientationLandscapeRight";
				LD_RUNPATH_SEARCH_PATHS = (
					"$(inherited)",
					"@executable_path/Frameworks",
				);
				MARKETING_VERSION = 1.0;
				PRODUCT_BUNDLE_IDENTIFIER = com.example.HelloGameWorld;
				PRODUCT_NAME = "$(TARGET_NAME)";
				SWIFT_EMIT_LOC_STRINGS = YES;
				SWIFT_VERSION = 5.0;
				TARGETED_DEVICE_FAMILY = "1,2";
			};
			name = Release;
		};
/* End XCBuildConfiguration section */

/* Begin XCConfigurationList section */
		538E9CC029A4C62500DA1690 /* Build configuration list for PBXProject "HelloGameWorld" */ = {
			isa = XCConfigurationList;
			buildConfigurations = (
				538E9CD729A4C62600DA1690 /* Debug */,
				538E9CD829A4C62600DA1690 /* Release */,
			);
			defaultConfigurationIsVisible = 0;
			defaultConfigurationName = Release;
		};
		538E9CD929A4C62600DA1690 /* Build configuration list for PBXNativeTarget "HelloGameWorld" */ = {
			isa = XCConfigurationList;
			buildConfigurations = (
				538E9CDA29A4C62600DA1690 /* Debug */,
				538E9CDB29A4C62600DA1690 /* Release */,
			);
			defaultConfigurationIsVisible = 0;
			defaultConfigurationName = Release;
		};
/* End XCConfigurationList section */
	};
	rootObject = 538E9CBD29A4C62500DA1690 /* Project object */;
}
